// !$*UTF8*$!
{
	archiveVersion = 1;
	classes = {
	};
	objectVersion = 55;
	objects = {

/* Begin PBXBuildFile section */
		B5AAA0D228013FD0004ACEDA /* AppDelegate.swift in Sources */ = {isa = PBXBuildFile; fileRef = B5AAA0D128013FD0004ACEDA /* AppDelegate.swift */; };
		B5AAA0D428013FD0004ACEDA /* SceneDelegate.swift in Sources */ = {isa = PBXBuildFile; fileRef = B5AAA0D328013FD0004ACEDA /* SceneDelegate.swift */; };
		B5AAA0D628013FD0004ACEDA /* ViewController.swift in Sources */ = {isa = PBXBuildFile; fileRef = B5AAA0D528013FD0004ACEDA /* ViewController.swift */; };
		B5AAA0D928013FD0004ACEDA /* Main.storyboard in Resources */ = {isa = PBXBuildFile; fileRef = B5AAA0D728013FD0004ACEDA /* Main.storyboard */; };
		B5AAA0DB28013FD1004ACEDA /* Assets.xcassets in Resources */ = {isa = PBXBuildFile; fileRef = B5AAA0DA28013FD1004ACEDA /* Assets.xcassets */; };
		B5AAA0DE28013FD1004ACEDA /* LaunchScreen.storyboard in Resources */ = {isa = PBXBuildFile; fileRef = B5AAA0DC28013FD1004ACEDA /* LaunchScreen.storyboard */; };
		B5AAA0E928014116004ACEDA /* StudentsLocationsResponse.swift in Sources */ = {isa = PBXBuildFile; fileRef = B5AAA0E828014116004ACEDA /* StudentsLocationsResponse.swift */; };
		B5AAA0EC28014220004ACEDA /* OnMapClient.swift in Sources */ = {isa = PBXBuildFile; fileRef = B5AAA0EB28014220004ACEDA /* OnMapClient.swift */; };
		B5AAA0EE2801449A004ACEDA /* LoginViewController.swift in Sources */ = {isa = PBXBuildFile; fileRef = B5AAA0ED2801449A004ACEDA /* LoginViewController.swift */; };
		B5AAA0F228015072004ACEDA /* LoginRequest.swift in Sources */ = {isa = PBXBuildFile; fileRef = B5AAA0F128015072004ACEDA /* LoginRequest.swift */; };
		B5AAA0F4280157E6004ACEDA /* LoginResponse.swift in Sources */ = {isa = PBXBuildFile; fileRef = B5AAA0F3280157E6004ACEDA /* LoginResponse.swift */; };
		B5AAA0F628017AC9004ACEDA /* MapResponse.swift in Sources */ = {isa = PBXBuildFile; fileRef = B5AAA0F528017AC9004ACEDA /* MapResponse.swift */; };
		B5AAA0F8280184E6004ACEDA /* MapViewController.swift in Sources */ = {isa = PBXBuildFile; fileRef = B5AAA0F7280184E6004ACEDA /* MapViewController.swift */; };
		B5AAA0FA28018511004ACEDA /* TableViewController.swift in Sources */ = {isa = PBXBuildFile; fileRef = B5AAA0F928018511004ACEDA /* TableViewController.swift */; };
		B5AAA0FC2801A02C004ACEDA /* StudentsLocationModel.swift in Sources */ = {isa = PBXBuildFile; fileRef = B5AAA0FB2801A02C004ACEDA /* StudentsLocationModel.swift */; };
		B5AAA0FE2801BBF5004ACEDA /* MyLocationRequest.swift in Sources */ = {isa = PBXBuildFile; fileRef = B5AAA0FD2801BBF5004ACEDA /* MyLocationRequest.swift */; };
		B5AAA1002801C017004ACEDA /* MyLocationResponse.swift in Sources */ = {isa = PBXBuildFile; fileRef = B5AAA0FF2801C017004ACEDA /* MyLocationResponse.swift */; };
		B5AAA1022801C8D7004ACEDA /* AddLocationFormViewController.swift in Sources */ = {isa = PBXBuildFile; fileRef = B5AAA1012801C8D7004ACEDA /* AddLocationFormViewController.swift */; };
		B5AAA1042801CA21004ACEDA /* MyCurrentLocationMapViewController.swift in Sources */ = {isa = PBXBuildFile; fileRef = B5AAA1032801CA21004ACEDA /* MyCurrentLocationMapViewController.swift */; };
		B5AAA1082802143F004ACEDA /* Utilities.swift in Sources */ = {isa = PBXBuildFile; fileRef = B5AAA1072802143F004ACEDA /* Utilities.swift */; };
/* End PBXBuildFile section */

/* Begin PBXFileReference section */
		B5AAA0CE28013FD0004ACEDA /* OnTheMap.app */ = {isa = PBXFileReference; explicitFileType = wrapper.application; includeInIndex = 0; path = OnTheMap.app; sourceTree = BUILT_PRODUCTS_DIR; };
		B5AAA0D128013FD0004ACEDA /* AppDelegate.swift */ = {isa = PBXFileReference; lastKnownFileType = sourcecode.swift; path = AppDelegate.swift; sourceTree = "<group>"; };
		B5AAA0D328013FD0004ACEDA /* SceneDelegate.swift */ = {isa = PBXFileReference; lastKnownFileType = sourcecode.swift; path = SceneDelegate.swift; sourceTree = "<group>"; };
		B5AAA0D528013FD0004ACEDA /* ViewController.swift */ = {isa = PBXFileReference; lastKnownFileType = sourcecode.swift; path = ViewController.swift; sourceTree = "<group>"; };
		B5AAA0D828013FD0004ACEDA /* Base */ = {isa = PBXFileReference; lastKnownFileType = file.storyboard; name = Base; path = Base.lproj/Main.storyboard; sourceTree = "<group>"; };
		B5AAA0DA28013FD1004ACEDA /* Assets.xcassets */ = {isa = PBXFileReference; lastKnownFileType = folder.assetcatalog; path = Assets.xcassets; sourceTree = "<group>"; };
		B5AAA0DD28013FD1004ACEDA /* Base */ = {isa = PBXFileReference; lastKnownFileType = file.storyboard; name = Base; path = Base.lproj/LaunchScreen.storyboard; sourceTree = "<group>"; };
		B5AAA0DF28013FD1004ACEDA /* Info.plist */ = {isa = PBXFileReference; lastKnownFileType = text.plist.xml; path = Info.plist; sourceTree = "<group>"; };
		B5AAA0E828014116004ACEDA /* StudentsLocationsResponse.swift */ = {isa = PBXFileReference; lastKnownFileType = sourcecode.swift; path = StudentsLocationsResponse.swift; sourceTree = "<group>"; };
		B5AAA0EB28014220004ACEDA /* OnMapClient.swift */ = {isa = PBXFileReference; lastKnownFileType = sourcecode.swift; path = OnMapClient.swift; sourceTree = "<group>"; };
		B5AAA0ED2801449A004ACEDA /* LoginViewController.swift */ = {isa = PBXFileReference; lastKnownFileType = sourcecode.swift; path = LoginViewController.swift; sourceTree = "<group>"; };
		B5AAA0F128015072004ACEDA /* LoginRequest.swift */ = {isa = PBXFileReference; lastKnownFileType = sourcecode.swift; path = LoginRequest.swift; sourceTree = "<group>"; };
		B5AAA0F3280157E6004ACEDA /* LoginResponse.swift */ = {isa = PBXFileReference; lastKnownFileType = sourcecode.swift; path = LoginResponse.swift; sourceTree = "<group>"; };
		B5AAA0F528017AC9004ACEDA /* MapResponse.swift */ = {isa = PBXFileReference; lastKnownFileType = sourcecode.swift; path = MapResponse.swift; sourceTree = "<group>"; };
		B5AAA0F7280184E6004ACEDA /* MapViewController.swift */ = {isa = PBXFileReference; lastKnownFileType = sourcecode.swift; path = MapViewController.swift; sourceTree = "<group>"; };
		B5AAA0F928018511004ACEDA /* TableViewController.swift */ = {isa = PBXFileReference; lastKnownFileType = sourcecode.swift; path = TableViewController.swift; sourceTree = "<group>"; };
		B5AAA0FB2801A02C004ACEDA /* StudentsLocationModel.swift */ = {isa = PBXFileReference; lastKnownFileType = sourcecode.swift; path = StudentsLocationModel.swift; sourceTree = "<group>"; };
		B5AAA0FD2801BBF5004ACEDA /* MyLocationRequest.swift */ = {isa = PBXFileReference; lastKnownFileType = sourcecode.swift; path = MyLocationRequest.swift; sourceTree = "<group>"; };
		B5AAA0FF2801C017004ACEDA /* MyLocationResponse.swift */ = {isa = PBXFileReference; lastKnownFileType = sourcecode.swift; path = MyLocationResponse.swift; sourceTree = "<group>"; };
		B5AAA1012801C8D7004ACEDA /* AddLocationFormViewController.swift */ = {isa = PBXFileReference; lastKnownFileType = sourcecode.swift; path = AddLocationFormViewController.swift; sourceTree = "<group>"; };
		B5AAA1032801CA21004ACEDA /* MyCurrentLocationMapViewController.swift */ = {isa = PBXFileReference; lastKnownFileType = sourcecode.swift; path = MyCurrentLocationMapViewController.swift; sourceTree = "<group>"; };
		B5AAA1072802143F004ACEDA /* Utilities.swift */ = {isa = PBXFileReference; lastKnownFileType = sourcecode.swift; path = Utilities.swift; sourceTree = "<group>"; };
/* End PBXFileReference section */

/* Begin PBXFrameworksBuildPhase section */
		B5AAA0CB28013FD0004ACEDA /* Frameworks */ = {
			isa = PBXFrameworksBuildPhase;
			buildActionMask = 2147483647;
			files = (
			);
			runOnlyForDeploymentPostprocessing = 0;
		};
/* End PBXFrameworksBuildPhase section */

/* Begin PBXGroup section */
		B5AAA0C528013FD0004ACEDA = {
			isa = PBXGroup;
			children = (
				B5AAA0D028013FD0004ACEDA /* OnTheMap */,
				B5AAA0CF28013FD0004ACEDA /* Products */,
			);
			sourceTree = "<group>";
		};
		B5AAA0CF28013FD0004ACEDA /* Products */ = {
			isa = PBXGroup;
			children = (
				B5AAA0CE28013FD0004ACEDA /* OnTheMap.app */,
			);
			name = Products;
			sourceTree = "<group>";
		};
		B5AAA0D028013FD0004ACEDA /* OnTheMap */ = {
			isa = PBXGroup;
			children = (
				B5AAA0E5280140F6004ACEDA /* Model */,
				B5AAA0E728014106004ACEDA /* Controler */,
				B5AAA0E6280140FE004ACEDA /* Views */,
				B5AAA0D128013FD0004ACEDA /* AppDelegate.swift */,
				B5AAA0D328013FD0004ACEDA /* SceneDelegate.swift */,
				B5AAA0D528013FD0004ACEDA /* ViewController.swift */,
				B5AAA0D728013FD0004ACEDA /* Main.storyboard */,
				B5AAA0DA28013FD1004ACEDA /* Assets.xcassets */,
				B5AAA0DC28013FD1004ACEDA /* LaunchScreen.storyboard */,
				B5AAA0DF28013FD1004ACEDA /* Info.plist */,
			);
			path = OnTheMap;
			sourceTree = "<group>";
		};
		B5AAA0E5280140F6004ACEDA /* Model */ = {
			isa = PBXGroup;
			children = (
				B5AAA0F028015060004ACEDA /* Responses */,
				B5AAA0EF28015054004ACEDA /* Requests */,
				B5AAA0EA28014201004ACEDA /* Client */,
				B5AAA0FB2801A02C004ACEDA /* StudentsLocationModel.swift */,
			);
			path = Model;
			sourceTree = "<group>";
		};
		B5AAA0E6280140FE004ACEDA /* Views */ = {
			isa = PBXGroup;
			children = (
				B5AAA1072802143F004ACEDA /* Utilities.swift */,
			);
			path = Views;
			sourceTree = "<group>";
		};
		B5AAA0E728014106004ACEDA /* Controler */ = {
			isa = PBXGroup;
			children = (
				B5AAA0ED2801449A004ACEDA /* LoginViewController.swift */,
				B5AAA0F7280184E6004ACEDA /* MapViewController.swift */,
				B5AAA0F928018511004ACEDA /* TableViewController.swift */,
				B5AAA1012801C8D7004ACEDA /* AddLocationFormViewController.swift */,
				B5AAA1032801CA21004ACEDA /* MyCurrentLocationMapViewController.swift */,
			);
			path = Controler;
			sourceTree = "<group>";
		};
		B5AAA0EA28014201004ACEDA /* Client */ = {
			isa = PBXGroup;
			children = (
				B5AAA0EB28014220004ACEDA /* OnMapClient.swift */,
			);
			path = Client;
			sourceTree = "<group>";
		};
		B5AAA0EF28015054004ACEDA /* Requests */ = {
			isa = PBXGroup;
			children = (
				B5AAA0F128015072004ACEDA /* LoginRequest.swift */,
				B5AAA0FD2801BBF5004ACEDA /* MyLocationRequest.swift */,
			);
			path = Requests;
			sourceTree = "<group>";
		};
		B5AAA0F028015060004ACEDA /* Responses */ = {
			isa = PBXGroup;
			children = (
				B5AAA0F528017AC9004ACEDA /* MapResponse.swift */,
				B5AAA0F3280157E6004ACEDA /* LoginResponse.swift */,
				B5AAA0E828014116004ACEDA /* StudentsLocationsResponse.swift */,
				B5AAA0FF2801C017004ACEDA /* MyLocationResponse.swift */,
			);
			path = Responses;
			sourceTree = "<group>";
		};
/* End PBXGroup section */

/* Begin PBXNativeTarget section */
		B5AAA0CD28013FD0004ACEDA /* OnTheMap */ = {
			isa = PBXNativeTarget;
			buildConfigurationList = B5AAA0E228013FD1004ACEDA /* Build configuration list for PBXNativeTarget "OnTheMap" */;
			buildPhases = (
				B5AAA0CA28013FD0004ACEDA /* Sources */,
				B5AAA0CB28013FD0004ACEDA /* Frameworks */,
				B5AAA0CC28013FD0004ACEDA /* Resources */,
			);
			buildRules = (
			);
			dependencies = (
			);
			name = OnTheMap;
			productName = OnTheMap;
			productReference = B5AAA0CE28013FD0004ACEDA /* OnTheMap.app */;
			productType = "com.apple.product-type.application";
		};
/* End PBXNativeTarget section */

/* Begin PBXProject section */
		B5AAA0C628013FD0004ACEDA /* Project object */ = {
			isa = PBXProject;
			attributes = {
				BuildIndependentTargetsInParallel = 1;
				LastSwiftUpdateCheck = 1330;
				LastUpgradeCheck = 1330;
				TargetAttributes = {
					B5AAA0CD28013FD0004ACEDA = {
						CreatedOnToolsVersion = 13.3;
					};
				};
			};
			buildConfigurationList = B5AAA0C928013FD0004ACEDA /* Build configuration list for PBXProject "OnTheMap" */;
			compatibilityVersion = "Xcode 13.0";
			developmentRegion = en;
			hasScannedForEncodings = 0;
			knownRegions = (
				en,
				Base,
			);
			mainGroup = B5AAA0C528013FD0004ACEDA;
			productRefGroup = B5AAA0CF28013FD0004ACEDA /* Products */;
			projectDirPath = "";
			projectRoot = "";
			targets = (
				B5AAA0CD28013FD0004ACEDA /* OnTheMap */,
			);
		};
/* End PBXProject section */

/* Begin PBXResourcesBuildPhase section */
		B5AAA0CC28013FD0004ACEDA /* Resources */ = {
			isa = PBXResourcesBuildPhase;
			buildActionMask = 2147483647;
			files = (
				B5AAA0DE28013FD1004ACEDA /* LaunchScreen.storyboard in Resources */,
				B5AAA0DB28013FD1004ACEDA /* Assets.xcassets in Resources */,
				B5AAA0D928013FD0004ACEDA /* Main.storyboard in Resources */,
			);
			runOnlyForDeploymentPostprocessing = 0;
		};
/* End PBXResourcesBuildPhase section */

/* Begin PBXSourcesBuildPhase section */
		B5AAA0CA28013FD0004ACEDA /* Sources */ = {
			isa = PBXSourcesBuildPhase;
			buildActionMask = 2147483647;
			files = (
				B5AAA0EE2801449A004ACEDA /* LoginViewController.swift in Sources */,
				B5AAA0E928014116004ACEDA /* StudentsLocationsResponse.swift in Sources */,
				B5AAA1042801CA21004ACEDA /* MyCurrentLocationMapViewController.swift in Sources */,
				B5AAA0D628013FD0004ACEDA /* ViewController.swift in Sources */,
				B5AAA0F8280184E6004ACEDA /* MapViewController.swift in Sources */,
				B5AAA0D228013FD0004ACEDA /* AppDelegate.swift in Sources */,
				B5AAA1022801C8D7004ACEDA /* AddLocationFormViewController.swift in Sources */,
				B5AAA0D428013FD0004ACEDA /* SceneDelegate.swift in Sources */,
				B5AAA0FA28018511004ACEDA /* TableViewController.swift in Sources */,
				B5AAA0F228015072004ACEDA /* LoginRequest.swift in Sources */,
				B5AAA1082802143F004ACEDA /* Utilities.swift in Sources */,
				B5AAA0F628017AC9004ACEDA /* MapResponse.swift in Sources */,
				B5AAA0FE2801BBF5004ACEDA /* MyLocationRequest.swift in Sources */,
				B5AAA0F4280157E6004ACEDA /* LoginResponse.swift in Sources */,
				B5AAA1002801C017004ACEDA /* MyLocationResponse.swift in Sources */,
				B5AAA0FC2801A02C004ACEDA /* StudentsLocationModel.swift in Sources */,
				B5AAA0EC28014220004ACEDA /* OnMapClient.swift in Sources */,
			);
			runOnlyForDeploymentPostprocessing = 0;
		};
/* End PBXSourcesBuildPhase section */

/* Begin PBXVariantGroup section */
		B5AAA0D728013FD0004ACEDA /* Main.storyboard */ = {
			isa = PBXVariantGroup;
			children = (
				B5AAA0D828013FD0004ACEDA /* Base */,
			);
			name = Main.storyboard;
			sourceTree = "<group>";
		};
		B5AAA0DC28013FD1004ACEDA /* LaunchScreen.storyboard */ = {
			isa = PBXVariantGroup;
			children = (
				B5AAA0DD28013FD1004ACEDA /* Base */,
			);
			name = LaunchScreen.storyboard;
			sourceTree = "<group>";
		};
/* End PBXVariantGroup section */

/* Begin XCBuildConfiguration section */
		B5AAA0E028013FD1004ACEDA /* Debug */ = {
			isa = XCBuildConfiguration;
			buildSettings = {
				ALWAYS_SEARCH_USER_PATHS = NO;
				CLANG_ANALYZER_NONNULL = YES;
				CLANG_ANALYZER_NUMBER_OBJECT_CONVERSION = YES_AGGRESSIVE;
				CLANG_CXX_LANGUAGE_STANDARD = "gnu++17";
				CLANG_ENABLE_MODULES = YES;
				CLANG_ENABLE_OBJC_ARC = YES;
				CLANG_ENABLE_OBJC_WEAK = YES;
				CLANG_WARN_BLOCK_CAPTURE_AUTORELEASING = YES;
				CLANG_WARN_BOOL_CONVERSION = YES;
				CLANG_WARN_COMMA = YES;
				CLANG_WARN_CONSTANT_CONVERSION = YES;
				CLANG_WARN_DEPRECATED_OBJC_IMPLEMENTATIONS = YES;
				CLANG_WARN_DIRECT_OBJC_ISA_USAGE = YES_ERROR;
				CLANG_WARN_DOCUMENTATION_COMMENTS = YES;
				CLANG_WARN_EMPTY_BODY = YES;
				CLANG_WARN_ENUM_CONVERSION = YES;
				CLANG_WARN_INFINITE_RECURSION = YES;
				CLANG_WARN_INT_CONVERSION = YES;
				CLANG_WARN_NON_LITERAL_NULL_CONVERSION = YES;
				CLANG_WARN_OBJC_IMPLICIT_RETAIN_SELF = YES;
				CLANG_WARN_OBJC_LITERAL_CONVERSION = YES;
				CLANG_WARN_OBJC_ROOT_CLASS = YES_ERROR;
				CLANG_WARN_QUOTED_INCLUDE_IN_FRAMEWORK_HEADER = YES;
				CLANG_WARN_RANGE_LOOP_ANALYSIS = YES;
				CLANG_WARN_STRICT_PROTOTYPES = YES;
				CLANG_WARN_SUSPICIOUS_MOVE = YES;
				CLANG_WARN_UNGUARDED_AVAILABILITY = YES_AGGRESSIVE;
				CLANG_WARN_UNREACHABLE_CODE = YES;
				CLANG_WARN__DUPLICATE_METHOD_MATCH = YES;
				COPY_PHASE_STRIP = NO;
				DEBUG_INFORMATION_FORMAT = dwarf;
				ENABLE_STRICT_OBJC_MSGSEND = YES;
				ENABLE_TESTABILITY = YES;
				GCC_C_LANGUAGE_STANDARD = gnu11;
				GCC_DYNAMIC_NO_PIC = NO;
				GCC_NO_COMMON_BLOCKS = YES;
				GCC_OPTIMIZATION_LEVEL = 0;
				GCC_PREPROCESSOR_DEFINITIONS = (
					"DEBUG=1",
					"$(inherited)",
				);
				GCC_WARN_64_TO_32_BIT_CONVERSION = YES;
				GCC_WARN_ABOUT_RETURN_TYPE = YES_ERROR;
				GCC_WARN_UNDECLARED_SELECTOR = YES;
				GCC_WARN_UNINITIALIZED_AUTOS = YES_AGGRESSIVE;
				GCC_WARN_UNUSED_FUNCTION = YES;
				GCC_WARN_UNUSED_VARIABLE = YES;
				IPHONEOS_DEPLOYMENT_TARGET = 15.4;
				MTL_ENABLE_DEBUG_INFO = INCLUDE_SOURCE;
				MTL_FAST_MATH = YES;
				ONLY_ACTIVE_ARCH = YES;
				SDKROOT = iphoneos;
				SWIFT_ACTIVE_COMPILATION_CONDITIONS = DEBUG;
				SWIFT_OPTIMIZATION_LEVEL = "-Onone";
			};
			name = Debug;
		};
		B5AAA0E128013FD1004ACEDA /* Release */ = {
			isa = XCBuildConfiguration;
			buildSettings = {
				ALWAYS_SEARCH_USER_PATHS = NO;
				CLANG_ANALYZER_NONNULL = YES;
				CLANG_ANALYZER_NUMBER_OBJECT_CONVERSION = YES_AGGRESSIVE;
				CLANG_CXX_LANGUAGE_STANDARD = "gnu++17";
				CLANG_ENABLE_MODULES = YES;
				CLANG_ENABLE_OBJC_ARC = YES;
				CLANG_ENABLE_OBJC_WEAK = YES;
				CLANG_WARN_BLOCK_CAPTURE_AUTORELEASING = YES;
				CLANG_WARN_BOOL_CONVERSION = YES;
				CLANG_WARN_COMMA = YES;
				CLANG_WARN_CONSTANT_CONVERSION = YES;
				CLANG_WARN_DEPRECATED_OBJC_IMPLEMENTATIONS = YES;
				CLANG_WARN_DIRECT_OBJC_ISA_USAGE = YES_ERROR;
				CLANG_WARN_DOCUMENTATION_COMMENTS = YES;
				CLANG_WARN_EMPTY_BODY = YES;
				CLANG_WARN_ENUM_CONVERSION = YES;
				CLANG_WARN_INFINITE_RECURSION = YES;
				CLANG_WARN_INT_CONVERSION = YES;
				CLANG_WARN_NON_LITERAL_NULL_CONVERSION = YES;
				CLANG_WARN_OBJC_IMPLICIT_RETAIN_SELF = YES;
				CLANG_WARN_OBJC_LITERAL_CONVERSION = YES;
				CLANG_WARN_OBJC_ROOT_CLASS = YES_ERROR;
				CLANG_WARN_QUOTED_INCLUDE_IN_FRAMEWORK_HEADER = YES;
				CLANG_WARN_RANGE_LOOP_ANALYSIS = YES;
				CLANG_WARN_STRICT_PROTOTYPES = YES;
				CLANG_WARN_SUSPICIOUS_MOVE = YES;
				CLANG_WARN_UNGUARDED_AVAILABILITY = YES_AGGRESSIVE;
				CLANG_WARN_UNREACHABLE_CODE = YES;
				CLANG_WARN__DUPLICATE_METHOD_MATCH = YES;
				COPY_PHASE_STRIP = NO;
				DEBUG_INFORMATION_FORMAT = "dwarf-with-dsym";
				ENABLE_NS_ASSERTIONS = NO;
				ENABLE_STRICT_OBJC_MSGSEND = YES;
				GCC_C_LANGUAGE_STANDARD = gnu11;
				GCC_NO_COMMON_BLOCKS = YES;
				GCC_WARN_64_TO_32_BIT_CONVERSION = YES;
				GCC_WARN_ABOUT_RETURN_TYPE = YES_ERROR;
				GCC_WARN_UNDECLARED_SELECTOR = YES;
				GCC_WARN_UNINITIALIZED_AUTOS = YES_AGGRESSIVE;
				GCC_WARN_UNUSED_FUNCTION = YES;
				GCC_WARN_UNUSED_VARIABLE = YES;
				IPHONEOS_DEPLOYMENT_TARGET = 15.4;
				MTL_ENABLE_DEBUG_INFO = NO;
				MTL_FAST_MATH = YES;
				SDKROOT = iphoneos;
				SWIFT_COMPILATION_MODE = wholemodule;
				SWIFT_OPTIMIZATION_LEVEL = "-O";
				VALIDATE_PRODUCT = YES;
			};
			name = Release;
		};
		B5AAA0E328013FD1004ACEDA /* Debug */ = {
			isa = XCBuildConfiguration;
			buildSettings = {
				ASSETCATALOG_COMPILER_APPICON_NAME = AppIcon;
				ASSETCATALOG_COMPILER_GLOBAL_ACCENT_COLOR_NAME = AccentColor;
				CODE_SIGN_STYLE = Automatic;
				CURRENT_PROJECT_VERSION = 1;
				GENERATE_INFOPLIST_FILE = YES;
				INFOPLIST_FILE = OnTheMap/Info.plist;
				INFOPLIST_KEY_UIApplicationSupportsIndirectInputEvents = YES;
				INFOPLIST_KEY_UILaunchStoryboardName = LaunchScreen;
				INFOPLIST_KEY_UIMainStoryboardFile = Main;
				INFOPLIST_KEY_UISupportedInterfaceOrientations_iPad = "UIInterfaceOrientationPortrait UIInterfaceOrientationPortraitUpsideDown UIInterfaceOrientationLandscapeLeft UIInterfaceOrientationLandscapeRight";
				INFOPLIST_KEY_UISupportedInterfaceOrientations_iPhone = "UIInterfaceOrientationPortrait UIInterfaceOrientationLandscapeLeft UIInterfaceOrientationLandscapeRight";
				LD_RUNPATH_SEARCH_PATHS = (
					"$(inherited)",
					"@executable_path/Frameworks",
				);
				MARKETING_VERSION = 1.0;
				PRODUCT_BUNDLE_IDENTIFIER = Udacity.OnTheMap;
				PRODUCT_NAME = "$(TARGET_NAME)";
				SWIFT_EMIT_LOC_STRINGS = YES;
				SWIFT_VERSION = 5.0;
				TARGETED_DEVICE_FAMILY = "1,2";
			};
			name = Debug;
		};
		B5AAA0E428013FD1004ACEDA /* Release */ = {
			isa = XCBuildConfiguration;
			buildSettings = {
				ASSETCATALOG_COMPILER_APPICON_NAME = AppIcon;
				ASSETCATALOG_COMPILER_GLOBAL_ACCENT_COLOR_NAME = AccentColor;
				CODE_SIGN_STYLE = Automatic;
				CURRENT_PROJECT_VERSION = 1;
				GENERATE_INFOPLIST_FILE = YES;
				INFOPLIST_FILE = OnTheMap/Info.plist;
				INFOPLIST_KEY_UIApplicationSupportsIndirectInputEvents = YES;
				INFOPLIST_KEY_UILaunchStoryboardName = LaunchScreen;
				INFOPLIST_KEY_UIMainStoryboardFile = Main;
				INFOPLIST_KEY_UISupportedInterfaceOrientations_iPad = "UIInterfaceOrientationPortrait UIInterfaceOrientationPortraitUpsideDown UIInterfaceOrientationLandscapeLeft UIInterfaceOrientationLandscapeRight";
				INFOPLIST_KEY_UISupportedInterfaceOrientations_iPhone = "UIInterfaceOrientationPortrait UIInterfaceOrientationLandscapeLeft UIInterfaceOrientationLandscapeRight";
				LD_RUNPATH_SEARCH_PATHS = (
					"$(inherited)",
					"@executable_path/Frameworks",
				);
				MARKETING_VERSION = 1.0;
				PRODUCT_BUNDLE_IDENTIFIER = Udacity.OnTheMap;
				PRODUCT_NAME = "$(TARGET_NAME)";
				SWIFT_EMIT_LOC_STRINGS = YES;
				SWIFT_VERSION = 5.0;
				TARGETED_DEVICE_FAMILY = "1,2";
			};
			name = Release;
		};
/* End XCBuildConfiguration section */

/* Begin XCConfigurationList section */
		B5AAA0C928013FD0004ACEDA /* Build configuration list for PBXProject "OnTheMap" */ = {
			isa = XCConfigurationList;
			buildConfigurations = (
				B5AAA0E028013FD1004ACEDA /* Debug */,
				B5AAA0E128013FD1004ACEDA /* Release */,
			);
			defaultConfigurationIsVisible = 0;
			defaultConfigurationName = Release;
		};
		B5AAA0E228013FD1004ACEDA /* Build configuration list for PBXNativeTarget "OnTheMap" */ = {
			isa = XCConfigurationList;
			buildConfigurations = (
				B5AAA0E328013FD1004ACEDA /* Debug */,
				B5AAA0E428013FD1004ACEDA /* Release */,
			);
			defaultConfigurationIsVisible = 0;
			defaultConfigurationName = Release;
		};
/* End XCConfigurationList section */
	};
	rootObject = B5AAA0C628013FD0004ACEDA /* Project object */;
}
